// !$*UTF8*$!
{
	archiveVersion = 1;
	classes = {
	};
	objectVersion = 46;
	objects = {

/* Begin PBXBuildFile section */
		CF1B6A3C1C7D777D00AC92EC /* main.m in Sources */ = {isa = PBXBuildFile; fileRef = CF1B6A3B1C7D777D00AC92EC /* main.m */; };
		CF1B6A3F1C7D777D00AC92EC /* AppDelegate.m in Sources */ = {isa = PBXBuildFile; fileRef = CF1B6A3E1C7D777D00AC92EC /* AppDelegate.m */; };
		CF1B6A421C7D777D00AC92EC /* ViewController.m in Sources */ = {isa = PBXBuildFile; fileRef = CF1B6A411C7D777D00AC92EC /* ViewController.m */; };
		CF1B6A451C7D777D00AC92EC /* Main.storyboard in Resources */ = {isa = PBXBuildFile; fileRef = CF1B6A431C7D777D00AC92EC /* Main.storyboard */; };
		CF1B6A471C7D777D00AC92EC /* Assets.xcassets in Resources */ = {isa = PBXBuildFile; fileRef = CF1B6A461C7D777D00AC92EC /* Assets.xcassets */; };
		CF1B6A4A1C7D777D00AC92EC /* LaunchScreen.storyboard in Resources */ = {isa = PBXBuildFile; fileRef = CF1B6A481C7D777D00AC92EC /* LaunchScreen.storyboard */; };
		CF1B6A541C7D77A700AC92EC /* GHSUploadData.m in Sources */ = {isa = PBXBuildFile; fileRef = CF1B6A531C7D77A700AC92EC /* GHSUploadData.m */; };
/* End PBXBuildFile section */

/* Begin PBXFileReference section */
		CF1B6A371C7D777D00AC92EC /* UploadHeadImage.app */ = {isa = PBXFileReference; explicitFileType = wrapper.application; includeInIndex = 0; path = UploadHeadImage.app; sourceTree = BUILT_PRODUCTS_DIR; };
		CF1B6A3B1C7D777D00AC92EC /* main.m */ = {isa = PBXFileReference; lastKnownFileType = sourcecode.c.objc; path = main.m; sourceTree = "<group>"; };
		CF1B6A3D1C7D777D00AC92EC /* AppDelegate.h */ = {isa = PBXFileReference; lastKnownFileType = sourcecode.c.h; path = AppDelegate.h; sourceTree = "<group>"; };
		CF1B6A3E1C7D777D00AC92EC /* AppDelegate.m */ = {isa = PBXFileReference; lastKnownFileType = sourcecode.c.objc; path = AppDelegate.m; sourceTree = "<group>"; };
		CF1B6A401C7D777D00AC92EC /* ViewController.h */ = {isa = PBXFileReference; lastKnownFileType = sourcecode.c.h; path = ViewController.h; sourceTree = "<group>"; };
		CF1B6A411C7D777D00AC92EC /* ViewController.m */ = {isa = PBXFileReference; lastKnownFileType = sourcecode.c.objc; path = ViewController.m; sourceTree = "<group>"; };
		CF1B6A441C7D777D00AC92EC /* Base */ = {isa = PBXFileReference; lastKnownFileType = file.storyboard; name = Base; path = Base.lproj/Main.storyboard; sourceTree = "<group>"; };
		CF1B6A461C7D777D00AC92EC /* Assets.xcassets */ = {isa = PBXFileReference; lastKnownFileType = folder.assetcatalog; path = Assets.xcassets; sourceTree = "<group>"; };
		CF1B6A491C7D777D00AC92EC /* Base */ = {isa = PBXFileReference; lastKnownFileType = file.storyboard; name = Base; path = Base.lproj/LaunchScreen.storyboard; sourceTree = "<group>"; };
		CF1B6A4B1C7D777D00AC92EC /* Info.plist */ = {isa = PBXFileReference; lastKnownFileType = text.plist.xml; path = Info.plist; sourceTree = "<group>"; };
		CF1B6A521C7D77A700AC92EC /* GHSUploadData.h */ = {isa = PBXFileReference; fileEncoding = 4; lastKnownFileType = sourcecode.c.h; path = GHSUploadData.h; sourceTree = "<group>"; };
		CF1B6A531C7D77A700AC92EC /* GHSUploadData.m */ = {isa = PBXFileReference; fileEncoding = 4; lastKnownFileType = sourcecode.c.objc; path = GHSUploadData.m; sourceTree = "<group>"; };
/* End PBXFileReference section */

/* Begin PBXFrameworksBuildPhase section */
		CF1B6A341C7D777D00AC92EC /* Frameworks */ = {
			isa = PBXFrameworksBuildPhase;
			buildActionMask = 2147483647;
			files = (
			);
			runOnlyForDeploymentPostprocessing = 0;
		};
/* End PBXFrameworksBuildPhase section */

/* Begin PBXGroup section */
		CF1B6A2E1C7D777D00AC92EC = {
			isa = PBXGroup;
			children = (
				CF1B6A391C7D777D00AC92EC /* UploadHeadImage */,
				CF1B6A381C7D777D00AC92EC /* Products */,
			);
			sourceTree = "<group>";
		};
		CF1B6A381C7D777D00AC92EC /* Products */ = {
			isa = PBXGroup;
			children = (
				CF1B6A371C7D777D00AC92EC /* UploadHeadImage.app */,
			);
			name = Products;
			sourceTree = "<group>";
		};
		CF1B6A391C7D777D00AC92EC /* UploadHeadImage */ = {
			isa = PBXGroup;
			children = (
				CF1B6A511C7D77A700AC92EC /* upload */,
				CF1B6A3D1C7D777D00AC92EC /* AppDelegate.h */,
				CF1B6A3E1C7D777D00AC92EC /* AppDelegate.m */,
				CF1B6A401C7D777D00AC92EC /* ViewController.h */,
				CF1B6A411C7D777D00AC92EC /* ViewController.m */,
				CF1B6A431C7D777D00AC92EC /* Main.storyboard */,
				CF1B6A461C7D777D00AC92EC /* Assets.xcassets */,
				CF1B6A481C7D777D00AC92EC /* LaunchScreen.storyboard */,
				CF1B6A4B1C7D777D00AC92EC /* Info.plist */,
				CF1B6A3A1C7D777D00AC92EC /* Supporting Files */,
			);
			path = UploadHeadImage;
			sourceTree = "<group>";
		};
		CF1B6A3A1C7D777D00AC92EC /* Supporting Files */ = {
			isa = PBXGroup;
			children = (
				CF1B6A3B1C7D777D00AC92EC /* main.m */,
			);
			name = "Supporting Files";
			sourceTree = "<group>";
		};
		CF1B6A511C7D77A700AC92EC /* upload */ = {
			isa = PBXGroup;
			children = (
				CF1B6A521C7D77A700AC92EC /* GHSUploadData.h */,
				CF1B6A531C7D77A700AC92EC /* GHSUploadData.m */,
			);
			path = upload;
			sourceTree = "<group>";
		};
/* End PBXGroup section */

/* Begin PBXNativeTarget section */
		CF1B6A361C7D777D00AC92EC /* UploadHeadImage */ = {
			isa = PBXNativeTarget;
			buildConfigurationList = CF1B6A4E1C7D777D00AC92EC /* Build configuration list for PBXNativeTarget "UploadHeadImage" */;
			buildPhases = (
				CF1B6A331C7D777D00AC92EC /* Sources */,
				CF1B6A341C7D777D00AC92EC /* Frameworks */,
				CF1B6A351C7D777D00AC92EC /* Resources */,
			);
			buildRules = (
			);
			dependencies = (
			);
			name = UploadHeadImage;
			productName = UploadHeadImage;
			productReference = CF1B6A371C7D777D00AC92EC /* UploadHeadImage.app */;
			productType = "com.apple.product-type.application";
		};
/* End PBXNativeTarget section */

/* Begin PBXProject section */
		CF1B6A2F1C7D777D00AC92EC /* Project object */ = {
			isa = PBXProject;
			attributes = {
				LastUpgradeCheck = 0720;
				ORGANIZATIONNAME = srxboys;
				TargetAttributes = {
					CF1B6A361C7D777D00AC92EC = {
						CreatedOnToolsVersion = 7.2;
					};
				};
			};
			buildConfigurationList = CF1B6A321C7D777D00AC92EC /* Build configuration list for PBXProject "UploadHeadImage" */;
			compatibilityVersion = "Xcode 3.2";
			developmentRegion = English;
			hasScannedForEncodings = 0;
			knownRegions = (
				en,
				Base,
			);
			mainGroup = CF1B6A2E1C7D777D00AC92EC;
			productRefGroup = CF1B6A381C7D777D00AC92EC /* Products */;
			projectDirPath = "";
			projectRoot = "";
			targets = (
				CF1B6A361C7D777D00AC92EC /* UploadHeadImage */,
			);
		};
/* End PBXProject section */

/* Begin PBXResourcesBuildPhase section */
		CF1B6A351C7D777D00AC92EC /* Resources */ = {
			isa = PBXResourcesBuildPhase;
			buildActionMask = 2147483647;
			files = (
				CF1B6A4A1C7D777D00AC92EC /* LaunchScreen.storyboard in Resources */,
				CF1B6A471C7D777D00AC92EC /* Assets.xcassets in Resources */,
				CF1B6A451C7D777D00AC92EC /* Main.storyboard in Resources */,
			);
			runOnlyForDeploymentPostprocessing = 0;
		};
/* End PBXResourcesBuildPhase section */

/* Begin PBXSourcesBuildPhase section */
		CF1B6A331C7D777D00AC92EC /* Sources */ = {
			isa = PBXSourcesBuildPhase;
			buildActionMask = 2147483647;
			files = (
				CF1B6A421C7D777D00AC92EC /* ViewController.m in Sources */,
				CF1B6A3F1C7D777D00AC92EC /* AppDelegate.m in Sources */,
				CF1B6A3C1C7D777D00AC92EC /* main.m in Sources */,
				CF1B6A541C7D77A700AC92EC /* GHSUploadData.m in Sources */,
			);
			runOnlyForDeploymentPostprocessing = 0;
		};
/* End PBXSourcesBuildPhase section */

/* Begin PBXVariantGroup section */
		CF1B6A431C7D777D00AC92EC /* Main.storyboard */ = {
			isa = PBXVariantGroup;
			children = (
				CF1B6A441C7D777D00AC92EC /* Base */,
			);
			name = Main.storyboard;
			sourceTree = "<group>";
		};
		CF1B6A481C7D777D00AC92EC /* LaunchScreen.storyboard */ = {
			isa = PBXVariantGroup;
			children = (
				CF1B6A491C7D777D00AC92EC /* Base */,
			);
			name = LaunchScreen.storyboard;
			sourceTree = "<group>";
		};
/* End PBXVariantGroup section */

/* Begin XCBuildConfiguration section */
		CF1B6A4C1C7D777D00AC92EC /* Debug */ = {
			isa = XCBuildConfiguration;
			buildSettings = {
				ALWAYS_SEARCH_USER_PATHS = NO;
				CLANG_CXX_LANGUAGE_STANDARD = "gnu++0x";
				CLANG_CXX_LIBRARY = "libc++";
				CLANG_ENABLE_MODULES = YES;
				CLANG_ENABLE_OBJC_ARC = YES;
				CLANG_WARN_BOOL_CONVERSION = YES;
				CLANG_WARN_CONSTANT_CONVERSION = YES;
				CLANG_WARN_DIRECT_OBJC_ISA_USAGE = YES_ERROR;
				CLANG_WARN_EMPTY_BODY = YES;
				CLANG_WARN_ENUM_CONVERSION = YES;
				CLANG_WARN_INT_CONVERSION = YES;
				CLANG_WARN_OBJC_ROOT_CLASS = YES_ERROR;
				CLANG_WARN_UNREACHABLE_CODE = YES;
				CLANG_WARN__DUPLICATE_METHOD_MATCH = YES;
				"CODE_SIGN_IDENTITY[sdk=iphoneos*]" = "iPhone Developer";
				COPY_PHASE_STRIP = NO;
				DEBUG_INFORMATION_FORMAT = dwarf;
				ENABLE_STRICT_OBJC_MSGSEND = YES;
				ENABLE_TESTABILITY = YES;
				GCC_C_LANGUAGE_STANDARD = gnu99;
				GCC_DYNAMIC_NO_PIC = NO;
				GCC_NO_COMMON_BLOCKS = YES;
				GCC_OPTIMIZATION_LEVEL = 0;
				GCC_PREPROCESSOR_DEFINITIONS = (
					"DEBUG=1",
					"$(inherited)",
				);
				GCC_WARN_64_TO_32_BIT_CONVERSION = YES;
				GCC_WARN_ABOUT_RETURN_TYPE = YES_ERROR;
				GCC_WARN_UNDECLARED_SELECTOR = YES;
				GCC_WARN_UNINITIALIZED_AUTOS = YES_AGGRESSIVE;
				GCC_WARN_UNUSED_FUNCTION = YES;
				GCC_WARN_UNUSED_VARIABLE = YES;
				IPHONEOS_DEPLOYMENT_TARGET = 9.2;
				MTL_ENABLE_DEBUG_INFO = YES;
				ONLY_ACTIVE_ARCH = YES;
				SDKROOT = iphoneos;
			};
			name = Debug;
		};
		CF1B6A4D1C7D777D00AC92EC /* Release */ = {
			isa = XCBuildConfiguration;
			buildSettings = {
				ALWAYS_SEARCH_USER_PATHS = NO;
				CLANG_CXX_LANGUAGE_STANDARD = "gnu++0x";
				CLANG_CXX_LIBRARY = "libc++";
				CLANG_ENABLE_MODULES = YES;
				CLANG_ENABLE_OBJC_ARC = YES;
				CLANG_WARN_BOOL_CONVERSION = YES;
				CLANG_WARN_CONSTANT_CONVERSION = YES;
				CLANG_WARN_DIRECT_OBJC_ISA_USAGE = YES_ERROR;
				CLANG_WARN_EMPTY_BODY = YES;
				CLANG_WARN_ENUM_CONVERSION = YES;
				CLANG_WARN_INT_CONVERSION = YES;
				CLANG_WARN_OBJC_ROOT_CLASS = YES_ERROR;
				CLANG_WARN_UNREACHABLE_CODE = YES;
				CLANG_WARN__DUPLICATE_METHOD_MATCH = YES;
				"CODE_SIGN_IDENTITY[sdk=iphoneos*]" = "iPhone Developer";
				COPY_PHASE_STRIP = NO;
				DEBUG_INFORMATION_FORMAT = "dwarf-with-dsym";
				ENABLE_NS_ASSERTIONS = NO;
				ENABLE_STRICT_OBJC_MSGSEND = YES;
				GCC_C_LANGUAGE_STANDARD = gnu99;
				GCC_NO_COMMON_BLOCKS = YES;
				GCC_WARN_64_TO_32_BIT_CONVERSION = YES;
				GCC_WARN_ABOUT_RETURN_TYPE = YES_ERROR;
				GCC_WARN_UNDECLARED_SELECTOR = YES;
				GCC_WARN_UNINITIALIZED_AUTOS = YES_AGGRESSIVE;
				GCC_WARN_UNUSED_FUNCTION = YES;
				GCC_WARN_UNUSED_VARIABLE = YES;
				IPHONEOS_DEPLOYMENT_TARGET = 9.2;
				MTL_ENABLE_DEBUG_INFO = NO;
				SDKROOT = iphoneos;
				VALIDATE_PRODUCT = YES;
			};
			name = Release;
		};
		CF1B6A4F1C7D777D00AC92EC /* Debug */ = {
			isa = XCBuildConfiguration;
			buildSettings = {
				ASSETCATALOG_COMPILER_APPICON_NAME = AppIcon;
				INFOPLIST_FILE = UploadHeadImage/Info.plist;
				LD_RUNPATH_SEARCH_PATHS = "$(inherited) @executable_path/Frameworks";
				PRODUCT_BUNDLE_IDENTIFIER = srxboys.UploadHeadImage;
				PRODUCT_NAME = "$(TARGET_NAME)";
			};
			name = Debug;
		};
		CF1B6A501C7D777D00AC92EC /* Release */ = {
			isa = XCBuildConfiguration;
			buildSettings = {
				ASSETCATALOG_COMPILER_APPICON_NAME = AppIcon;
				INFOPLIST_FILE = UploadHeadImage/Info.plist;
				LD_RUNPATH_SEARCH_PATHS = "$(inherited) @executable_path/Frameworks";
				PRODUCT_BUNDLE_IDENTIFIER = srxboys.UploadHeadImage;
				PRODUCT_NAME = "$(TARGET_NAME)";
			};
			name = Release;
		};
/* End XCBuildConfiguration section */

/* Begin XCConfigurationList section */
		CF1B6A321C7D777D00AC92EC /* Build configuration list for PBXProject "UploadHeadImage" */ = {
			isa = XCConfigurationList;
			buildConfigurations = (
				CF1B6A4C1C7D777D00AC92EC /* Debug */,
				CF1B6A4D1C7D777D00AC92EC /* Release */,
			);
			defaultConfigurationIsVisible = 0;
			defaultConfigurationName = Release;
		};
		CF1B6A4E1C7D777D00AC92EC /* Build configuration list for PBXNativeTarget "UploadHeadImage" */ = {
			isa = XCConfigurationList;
			buildConfigurations = (
				CF1B6A4F1C7D777D00AC92EC /* Debug */,
				CF1B6A501C7D777D00AC92EC /* Release */,
			);
			defaultConfigurationIsVisible = 0;
		};
/* End XCConfigurationList section */
	};
	rootObject = CF1B6A2F1C7D777D00AC92EC /* Project object */;
}
